
Microsoft Visual Studio Solution File, Format Version 12.00
# Visual Studio Version 17
VisualStudioVersion = 17.11.35312.102
MinimumVisualStudioVersion = 10.0.40219.1
Project("{FAE04EC0-301F-11D3-BF4B-00C04F79EFBC}") = "ToDoListApp", "ToDoListApp\ToDoListApp.csproj", "{A1887A0D-E342-49F2-ACAD-11A1C0496523}"
EndProject
Global
	GlobalSection(SolutionConfigurationPlatforms) = preSolution
		Debug|Any CPU = Debug|Any CPU
		Release|Any CPU = Release|Any CPU
	EndGlobalSection
	GlobalSection(ProjectConfigurationPlatforms) = postSolution
		{A1887A0D-E342-49F2-ACAD-11A1C0496523}.Debug|Any CPU.ActiveCfg = Debug|Any CPU
		{A1887A0D-E342-49F2-ACAD-11A1C0496523}.Debug|Any CPU.Build.0 = Debug|Any CPU
		{A1887A0D-E342-49F2-ACAD-11A1C0496523}.Release|Any CPU.ActiveCfg = Release|Any CPU
		{A1887A0D-E342-49F2-ACAD-11A1C0496523}.Release|Any CPU.Build.0 = Release|Any CPU
	EndGlobalSection
	GlobalSection(SolutionProperties) = preSolution
		HideSolutionNode = FALSE
	EndGlobalSection
	GlobalSection(ExtensibilityGlobals) = postSolution
		SolutionGuid = {D0239200-5991-4665-827C-CFEBB8106A04}
	EndGlobalSection
EndGlobal
